
Microsoft Visual Studio Solution File, Format Version 12.00
# Visual Studio Version 16
VisualStudioVersion = 16.0.30406.217
MinimumVisualStudioVersion = 10.0.40219.1
Project("{9A19103F-16F7-4668-BE54-9A1E7A4F7556}") = "AuthenticationRedo", "AuthenticationRedo.csproj", "{D503B959-A051-4BF8-9E9F-078FCAEE5F40}"
EndProject
Global
	GlobalSection(SolutionConfigurationPlatforms) = preSolution
		Debug|Any CPU = Debug|Any CPU
		Release|Any CPU = Release|Any CPU
	EndGlobalSection
	GlobalSection(ProjectConfigurationPlatforms) = postSolution
		{D503B959-A051-4BF8-9E9F-078FCAEE5F40}.Debug|Any CPU.ActiveCfg = Debug|Any CPU
		{D503B959-A051-4BF8-9E9F-078FCAEE5F40}.Debug|Any CPU.Build.0 = Debug|Any CPU
		{D503B959-A051-4BF8-9E9F-078FCAEE5F40}.Release|Any CPU.ActiveCfg = Release|Any CPU
		{D503B959-A051-4BF8-9E9F-078FCAEE5F40}.Release|Any CPU.Build.0 = Release|Any CPU
	EndGlobalSection
	GlobalSection(SolutionProperties) = preSolution
		HideSolutionNode = FALSE
	EndGlobalSection
	GlobalSection(ExtensibilityGlobals) = postSolution
		SolutionGuid = {8DE6346C-0564-4C9F-9987-730C9F2947A5}
	EndGlobalSection
EndGlobal
