
Microsoft Visual Studio Solution File, Format Version 12.00
# Visual Studio Version 16
VisualStudioVersion = 16.0.30406.217
MinimumVisualStudioVersion = 10.0.40219.1
Project("{FAE04EC0-301F-11D3-BF4B-00C04F79EFBC}") = "BAIS3110-Encryption-Assignemnt-11-06-2020", "BAIS3110-Encryption-Assignemnt-11-06-2020.csproj", "{7AB689E0-BC38-4603-942C-E64C9356A7E5}"
EndProject
Global
	GlobalSection(SolutionConfigurationPlatforms) = preSolution
		Debug|Any CPU = Debug|Any CPU
		Release|Any CPU = Release|Any CPU
	EndGlobalSection
	GlobalSection(ProjectConfigurationPlatforms) = postSolution
		{7AB689E0-BC38-4603-942C-E64C9356A7E5}.Debug|Any CPU.ActiveCfg = Debug|Any CPU
		{7AB689E0-BC38-4603-942C-E64C9356A7E5}.Debug|Any CPU.Build.0 = Debug|Any CPU
		{7AB689E0-BC38-4603-942C-E64C9356A7E5}.Release|Any CPU.ActiveCfg = Release|Any CPU
		{7AB689E0-BC38-4603-942C-E64C9356A7E5}.Release|Any CPU.Build.0 = Release|Any CPU
	EndGlobalSection
	GlobalSection(SolutionProperties) = preSolution
		HideSolutionNode = FALSE
	EndGlobalSection
	GlobalSection(ExtensibilityGlobals) = postSolution
		SolutionGuid = {74C2B993-548A-4805-8F74-D7E6036F87E4}
	EndGlobalSection
EndGlobal
