
Microsoft Visual Studio Solution File, Format Version 12.00
# Visual Studio Version 16
VisualStudioVersion = 16.0.30804.86
MinimumVisualStudioVersion = 10.0.40219.1
Project("{9A19103F-16F7-4668-BE54-9A1E7A4F7556}") = "ClubBAIST", "ClubBAIST.csproj", "{18CBD439-6ED4-4F63-A80B-CF739B08FE8A}"
EndProject
Global
	GlobalSection(SolutionConfigurationPlatforms) = preSolution
		Debug|Any CPU = Debug|Any CPU
		Release|Any CPU = Release|Any CPU
	EndGlobalSection
	GlobalSection(ProjectConfigurationPlatforms) = postSolution
		{18CBD439-6ED4-4F63-A80B-CF739B08FE8A}.Debug|Any CPU.ActiveCfg = Debug|Any CPU
		{18CBD439-6ED4-4F63-A80B-CF739B08FE8A}.Debug|Any CPU.Build.0 = Debug|Any CPU
		{18CBD439-6ED4-4F63-A80B-CF739B08FE8A}.Release|Any CPU.ActiveCfg = Release|Any CPU
		{18CBD439-6ED4-4F63-A80B-CF739B08FE8A}.Release|Any CPU.Build.0 = Release|Any CPU
	EndGlobalSection
	GlobalSection(SolutionProperties) = preSolution
		HideSolutionNode = FALSE
	EndGlobalSection
	GlobalSection(ExtensibilityGlobals) = postSolution
		SolutionGuid = {77582F97-9D84-446D-973B-EB07BD02810D}
	EndGlobalSection
EndGlobal
