
Microsoft Visual Studio Solution File, Format Version 11.00
# Visual Studio 2010
Project("{D2ABAB84-BF74-430A-B69E-9DC6D40DDA17}") = "MaxMinSalesDM", "MaxMinSalesDM.dwproj", "{2EB668AD-D02D-43B6-AD19-27A1E453F6C9}"
EndProject
Global
	GlobalSection(SolutionConfigurationPlatforms) = preSolution
		Development|Default = Development|Default
	EndGlobalSection
	GlobalSection(ProjectConfigurationPlatforms) = postSolution
		{2EB668AD-D02D-43B6-AD19-27A1E453F6C9}.Development|Default.ActiveCfg = Development
		{2EB668AD-D02D-43B6-AD19-27A1E453F6C9}.Development|Default.Build.0 = Development
		{2EB668AD-D02D-43B6-AD19-27A1E453F6C9}.Development|Default.Deploy.0 = Development
	EndGlobalSection
	GlobalSection(SolutionProperties) = preSolution
		HideSolutionNode = FALSE
	EndGlobalSection
EndGlobal
