
Microsoft Visual Studio Solution File, Format Version 12.00
# Visual Studio Version 16
VisualStudioVersion = 16.0.30907.101
MinimumVisualStudioVersion = 10.0.40219.1
Project("{FAE04EC0-301F-11D3-BF4B-00C04F79EFBC}") = "ClubBAISTPrototype", "ClubBAISTPrototype\ClubBAISTPrototype.csproj", "{664D81BD-9CAE-435E-899F-01A98AF5ADDF}"
EndProject
Global
	GlobalSection(SolutionConfigurationPlatforms) = preSolution
		Debug|Any CPU = Debug|Any CPU
		Release|Any CPU = Release|Any CPU
	EndGlobalSection
	GlobalSection(ProjectConfigurationPlatforms) = postSolution
		{664D81BD-9CAE-435E-899F-01A98AF5ADDF}.Debug|Any CPU.ActiveCfg = Debug|Any CPU
		{664D81BD-9CAE-435E-899F-01A98AF5ADDF}.Debug|Any CPU.Build.0 = Debug|Any CPU
		{664D81BD-9CAE-435E-899F-01A98AF5ADDF}.Release|Any CPU.ActiveCfg = Release|Any CPU
		{664D81BD-9CAE-435E-899F-01A98AF5ADDF}.Release|Any CPU.Build.0 = Release|Any CPU
	EndGlobalSection
	GlobalSection(SolutionProperties) = preSolution
		HideSolutionNode = FALSE
	EndGlobalSection
	GlobalSection(ExtensibilityGlobals) = postSolution
		SolutionGuid = {7E852BE3-B5C2-4755-BFAD-33D8A0C04E3A}
	EndGlobalSection
EndGlobal
