
Microsoft Visual Studio Solution File, Format Version 12.00
# Visual Studio Version 16
VisualStudioVersion = 16.0.30406.217
MinimumVisualStudioVersion = 10.0.40219.1
Project("{FAE04EC0-301F-11D3-BF4B-00C04F79EFBC}") = "Software Design Implementation Assignment 2", "Software Design Implementation Assignment 2.csproj", "{D0FBC271-89C4-4A8C-9CED-91020801A168}"
EndProject
Global
	GlobalSection(SolutionConfigurationPlatforms) = preSolution
		Debug|Any CPU = Debug|Any CPU
		Release|Any CPU = Release|Any CPU
	EndGlobalSection
	GlobalSection(ProjectConfigurationPlatforms) = postSolution
		{D0FBC271-89C4-4A8C-9CED-91020801A168}.Debug|Any CPU.ActiveCfg = Debug|Any CPU
		{D0FBC271-89C4-4A8C-9CED-91020801A168}.Debug|Any CPU.Build.0 = Debug|Any CPU
		{D0FBC271-89C4-4A8C-9CED-91020801A168}.Release|Any CPU.ActiveCfg = Release|Any CPU
		{D0FBC271-89C4-4A8C-9CED-91020801A168}.Release|Any CPU.Build.0 = Release|Any CPU
	EndGlobalSection
	GlobalSection(SolutionProperties) = preSolution
		HideSolutionNode = FALSE
	EndGlobalSection
	GlobalSection(ExtensibilityGlobals) = postSolution
		SolutionGuid = {4B09F053-7A4C-4AA4-8D9F-5820650FC024}
	EndGlobalSection
EndGlobal
