
Microsoft Visual Studio Solution File, Format Version 12.00
# Visual Studio Version 16
VisualStudioVersion = 16.0.30907.101
MinimumVisualStudioVersion = 10.0.40219.1
Project("{FAE04EC0-301F-11D3-BF4B-00C04F79EFBC}") = "IanHugya", "IanHugya\IanHugya.csproj", "{8859C02B-8E38-4BF2-94E5-688D5AEB889E}"
EndProject
Global
	GlobalSection(SolutionConfigurationPlatforms) = preSolution
		Debug|Any CPU = Debug|Any CPU
		Release|Any CPU = Release|Any CPU
	EndGlobalSection
	GlobalSection(ProjectConfigurationPlatforms) = postSolution
		{8859C02B-8E38-4BF2-94E5-688D5AEB889E}.Debug|Any CPU.ActiveCfg = Debug|Any CPU
		{8859C02B-8E38-4BF2-94E5-688D5AEB889E}.Debug|Any CPU.Build.0 = Debug|Any CPU
		{8859C02B-8E38-4BF2-94E5-688D5AEB889E}.Release|Any CPU.ActiveCfg = Release|Any CPU
		{8859C02B-8E38-4BF2-94E5-688D5AEB889E}.Release|Any CPU.Build.0 = Release|Any CPU
	EndGlobalSection
	GlobalSection(SolutionProperties) = preSolution
		HideSolutionNode = FALSE
	EndGlobalSection
	GlobalSection(ExtensibilityGlobals) = postSolution
		SolutionGuid = {5941F0C8-3F50-4701-8800-832AE29063D8}
	EndGlobalSection
EndGlobal
