
Microsoft Visual Studio Solution File, Format Version 12.00
# Visual Studio Version 16
VisualStudioVersion = 16.0.30406.217
MinimumVisualStudioVersion = 10.0.40219.1
Project("{9A19103F-16F7-4668-BE54-9A1E7A4F7556}") = "Club BAIST Prototype", "Club BAIST Prototype.csproj", "{F0210E20-62A6-4FBB-8622-93DA4966EE82}"
EndProject
Global
	GlobalSection(SolutionConfigurationPlatforms) = preSolution
		Debug|Any CPU = Debug|Any CPU
		Release|Any CPU = Release|Any CPU
	EndGlobalSection
	GlobalSection(ProjectConfigurationPlatforms) = postSolution
		{F0210E20-62A6-4FBB-8622-93DA4966EE82}.Debug|Any CPU.ActiveCfg = Debug|Any CPU
		{F0210E20-62A6-4FBB-8622-93DA4966EE82}.Debug|Any CPU.Build.0 = Debug|Any CPU
		{F0210E20-62A6-4FBB-8622-93DA4966EE82}.Release|Any CPU.ActiveCfg = Release|Any CPU
		{F0210E20-62A6-4FBB-8622-93DA4966EE82}.Release|Any CPU.Build.0 = Release|Any CPU
	EndGlobalSection
	GlobalSection(SolutionProperties) = preSolution
		HideSolutionNode = FALSE
	EndGlobalSection
	GlobalSection(ExtensibilityGlobals) = postSolution
		SolutionGuid = {73A0102E-D49B-4410-82D9-DE48AF3CCB54}
	EndGlobalSection
EndGlobal
